
Microsoft Visual Studio Solution File, Format Version 12.00
# Visual Studio Version 17
VisualStudioVersion = 17.13.35825.156
MinimumVisualStudioVersion = 10.0.40219.1
Project("{FAE04EC0-301F-11D3-BF4B-00C04F79EFBC}") = "Zadanie 4", "Zadanie 4\Zadanie 4.csproj", "{FBAC70B6-7667-44D8-822B-43501ACB4CD8}"
EndProject
Project("{FAE04EC0-301F-11D3-BF4B-00C04F79EFBC}") = "ConsoleApp2", "ConsoleApp2\ConsoleApp2.csproj", "{52A5337E-8BA4-4A4B-9447-B992EBF55E1D}"
EndProject
Global
	GlobalSection(SolutionConfigurationPlatforms) = preSolution
		Debug|Any CPU = Debug|Any CPU
		Release|Any CPU = Release|Any CPU
	EndGlobalSection
	GlobalSection(ProjectConfigurationPlatforms) = postSolution
		{FBAC70B6-7667-44D8-822B-43501ACB4CD8}.Debug|Any CPU.ActiveCfg = Debug|Any CPU
		{FBAC70B6-7667-44D8-822B-43501ACB4CD8}.Debug|Any CPU.Build.0 = Debug|Any CPU
		{FBAC70B6-7667-44D8-822B-43501ACB4CD8}.Release|Any CPU.ActiveCfg = Release|Any CPU
		{FBAC70B6-7667-44D8-822B-43501ACB4CD8}.Release|Any CPU.Build.0 = Release|Any CPU
		{52A5337E-8BA4-4A4B-9447-B992EBF55E1D}.Debug|Any CPU.ActiveCfg = Debug|Any CPU
		{52A5337E-8BA4-4A4B-9447-B992EBF55E1D}.Debug|Any CPU.Build.0 = Debug|Any CPU
		{52A5337E-8BA4-4A4B-9447-B992EBF55E1D}.Release|Any CPU.ActiveCfg = Release|Any CPU
		{52A5337E-8BA4-4A4B-9447-B992EBF55E1D}.Release|Any CPU.Build.0 = Release|Any CPU
	EndGlobalSection
	GlobalSection(SolutionProperties) = preSolution
		HideSolutionNode = FALSE
	EndGlobalSection
	GlobalSection(ExtensibilityGlobals) = postSolution
		SolutionGuid = {2F57A9CE-5D8C-48A9-A43A-E2FC64864B40}
	EndGlobalSection
EndGlobal
