
Microsoft Visual Studio Solution File, Format Version 12.00
# Visual Studio Version 17
VisualStudioVersion = 17.13.35825.156
MinimumVisualStudioVersion = 10.0.40219.1
Project("{FAE04EC0-301F-11D3-BF4B-00C04F79EFBC}") = "Zadanie 1", "Zadanie 1\Zadanie 1.csproj", "{497D4CC2-79B4-40FC-BA5F-2642658082D8}"
EndProject
Global
	GlobalSection(SolutionConfigurationPlatforms) = preSolution
		Debug|Any CPU = Debug|Any CPU
		Release|Any CPU = Release|Any CPU
	EndGlobalSection
	GlobalSection(ProjectConfigurationPlatforms) = postSolution
		{497D4CC2-79B4-40FC-BA5F-2642658082D8}.Debug|Any CPU.ActiveCfg = Debug|Any CPU
		{497D4CC2-79B4-40FC-BA5F-2642658082D8}.Debug|Any CPU.Build.0 = Debug|Any CPU
		{497D4CC2-79B4-40FC-BA5F-2642658082D8}.Release|Any CPU.ActiveCfg = Release|Any CPU
		{497D4CC2-79B4-40FC-BA5F-2642658082D8}.Release|Any CPU.Build.0 = Release|Any CPU
	EndGlobalSection
	GlobalSection(SolutionProperties) = preSolution
		HideSolutionNode = FALSE
	EndGlobalSection
	GlobalSection(ExtensibilityGlobals) = postSolution
		SolutionGuid = {2F57A9CE-5D8C-48A9-A43A-E2FC64864B40}
	EndGlobalSection
EndGlobal
